
Microsoft Visual Studio Solution File, Format Version 12.00
# Visual Studio Version 16
VisualStudioVersion = 16.0.31702.278
MinimumVisualStudioVersion = 10.0.40219.1
Project("{9A19103F-16F7-4668-BE54-9A1E7A4F7556}") = "AddressBookCollection", "AddressBookCollection.csproj", "{3BCD69E1-F46E-4AC5-8859-3203B891219C}"
EndProject
Project("{FAE04EC0-301F-11D3-BF4B-00C04F79EFBC}") = "TestProject1", "..\TestProject1\TestProject1.csproj", "{DF8DFD40-0CF5-4BCB-82B8-4E37747264B4}"
EndProject
Global
	GlobalSection(SolutionConfigurationPlatforms) = preSolution
		Debug|Any CPU = Debug|Any CPU
		Release|Any CPU = Release|Any CPU
	EndGlobalSection
	GlobalSection(ProjectConfigurationPlatforms) = postSolution
		{3BCD69E1-F46E-4AC5-8859-3203B891219C}.Debug|Any CPU.ActiveCfg = Debug|Any CPU
		{3BCD69E1-F46E-4AC5-8859-3203B891219C}.Debug|Any CPU.Build.0 = Debug|Any CPU
		{3BCD69E1-F46E-4AC5-8859-3203B891219C}.Release|Any CPU.ActiveCfg = Release|Any CPU
		{3BCD69E1-F46E-4AC5-8859-3203B891219C}.Release|Any CPU.Build.0 = Release|Any CPU
		{DF8DFD40-0CF5-4BCB-82B8-4E37747264B4}.Debug|Any CPU.ActiveCfg = Debug|Any CPU
		{DF8DFD40-0CF5-4BCB-82B8-4E37747264B4}.Debug|Any CPU.Build.0 = Debug|Any CPU
		{DF8DFD40-0CF5-4BCB-82B8-4E37747264B4}.Release|Any CPU.ActiveCfg = Release|Any CPU
		{DF8DFD40-0CF5-4BCB-82B8-4E37747264B4}.Release|Any CPU.Build.0 = Release|Any CPU
	EndGlobalSection
	GlobalSection(SolutionProperties) = preSolution
		HideSolutionNode = FALSE
	EndGlobalSection
	GlobalSection(ExtensibilityGlobals) = postSolution
		SolutionGuid = {02662B7A-0BE0-48DE-9EB3-4B1F70D92D99}
	EndGlobalSection
EndGlobal
